{"1.1.0",
[{<<"cowboy">>,{pkg,<<"cowboy">>,<<"1.1.2">>},0},
 {<<"cowlib">>,{pkg,<<"cowlib">>,<<"1.0.2">>},1},
 {<<"ranch">>,{pkg,<<"ranch">>,<<"1.3.2">>},1}]}.
[
{pkg_hash,[
 {<<"cowboy">>, <<"61AC29EA970389A88ECA5A65601460162D370A70018AFE6F949A29DCA91F3BB0">>},
 {<<"cowlib">>, <<"9D769A1D062C9C3AC753096F868CA121E2730B9A377DE23DEC0F7E08B1DF84EE">>},
 {<<"ranch">>, <<"E4965A144DC9FBE70E5C077C65E73C57165416A901BD02EA899CFD95AA890986">>}]}
].
